
Microsoft Visual Studio Solution File, Format Version 12.00
# Visual Studio Version 17
VisualStudioVersion = 17.6.33815.320
MinimumVisualStudioVersion = 10.0.40219.1
Project("{FAE04EC0-301F-11D3-BF4B-00C04F79EFBC}") = "New_OnlineTaxibooking", "New_OnlineTaxibooking.csproj", "{DF3D95E1-EBBC-48BA-A21D-92AD07DF9594}"
EndProject
Global
	GlobalSection(SolutionConfigurationPlatforms) = preSolution
		Debug|Any CPU = Debug|Any CPU
		Release|Any CPU = Release|Any CPU
	EndGlobalSection
	GlobalSection(ProjectConfigurationPlatforms) = postSolution
		{DF3D95E1-EBBC-48BA-A21D-92AD07DF9594}.Debug|Any CPU.ActiveCfg = Debug|Any CPU
		{DF3D95E1-EBBC-48BA-A21D-92AD07DF9594}.Debug|Any CPU.Build.0 = Debug|Any CPU
		{DF3D95E1-EBBC-48BA-A21D-92AD07DF9594}.Release|Any CPU.ActiveCfg = Release|Any CPU
		{DF3D95E1-EBBC-48BA-A21D-92AD07DF9594}.Release|Any CPU.Build.0 = Release|Any CPU
	EndGlobalSection
	GlobalSection(SolutionProperties) = preSolution
		HideSolutionNode = FALSE
	EndGlobalSection
	GlobalSection(ExtensibilityGlobals) = postSolution
		SolutionGuid = {89B025C1-0CB6-4639-A8A3-B693ECF3AAAA}
	EndGlobalSection
EndGlobal
